
Microsoft Visual Studio Solution File, Format Version 12.00
# Visual Studio Version 16
VisualStudioVersion = 16.0.29728.190
MinimumVisualStudioVersion = 10.0.40219.1
Project("{FAE04EC0-301F-11D3-BF4B-00C04F79EFBC}") = "Procedural 2", "Procedural 2.csproj", "{14245949-A8A3-41B3-B243-80931BABD894}"
EndProject
Global
	GlobalSection(SolutionConfigurationPlatforms) = preSolution
		Debug|Any CPU = Debug|Any CPU
		Release|Any CPU = Release|Any CPU
	EndGlobalSection
	GlobalSection(ProjectConfigurationPlatforms) = postSolution
		{14245949-A8A3-41B3-B243-80931BABD894}.Debug|Any CPU.ActiveCfg = Debug|Any CPU
		{14245949-A8A3-41B3-B243-80931BABD894}.Debug|Any CPU.Build.0 = Debug|Any CPU
		{14245949-A8A3-41B3-B243-80931BABD894}.Release|Any CPU.ActiveCfg = Release|Any CPU
		{14245949-A8A3-41B3-B243-80931BABD894}.Release|Any CPU.Build.0 = Release|Any CPU
	EndGlobalSection
	GlobalSection(SolutionProperties) = preSolution
		HideSolutionNode = FALSE
	EndGlobalSection
	GlobalSection(ExtensibilityGlobals) = postSolution
		SolutionGuid = {B4933040-2914-49ED-A079-3C3D4B3EB844}
	EndGlobalSection
EndGlobal
